
Microsoft Visual Studio Solution File, Format Version 12.00
# Visual Studio Version 17
VisualStudioVersion = 17.5.002.0
MinimumVisualStudioVersion = 10.0.40219.1
Project("{9A19103F-16F7-4668-BE54-9A1E7A4F7556}") = "Estudos-BNE", "Estudos-BNE.csproj", "{F51ECF5D-2619-44B3-8559-F93F7C06E80A}"
EndProject
Global
	GlobalSection(SolutionConfigurationPlatforms) = preSolution
		Debug|Any CPU = Debug|Any CPU
		Release|Any CPU = Release|Any CPU
	EndGlobalSection
	GlobalSection(ProjectConfigurationPlatforms) = postSolution
		{F51ECF5D-2619-44B3-8559-F93F7C06E80A}.Debug|Any CPU.ActiveCfg = Debug|Any CPU
		{F51ECF5D-2619-44B3-8559-F93F7C06E80A}.Debug|Any CPU.Build.0 = Debug|Any CPU
		{F51ECF5D-2619-44B3-8559-F93F7C06E80A}.Release|Any CPU.ActiveCfg = Release|Any CPU
		{F51ECF5D-2619-44B3-8559-F93F7C06E80A}.Release|Any CPU.Build.0 = Release|Any CPU
	EndGlobalSection
	GlobalSection(SolutionProperties) = preSolution
		HideSolutionNode = FALSE
	EndGlobalSection
	GlobalSection(ExtensibilityGlobals) = postSolution
		SolutionGuid = {D38F0DB0-4D58-453A-AEDA-4B32D994DA72}
	EndGlobalSection
EndGlobal
